
Microsoft Visual Studio Solution File, Format Version 12.00
# Visual Studio Version 17
VisualStudioVersion = 17.3.32929.385
MinimumVisualStudioVersion = 10.0.40219.1
Project("{FAE04EC0-301F-11D3-BF4B-00C04F79EFBC}") = "_1043", "_1043\_1043.csproj", "{37C5570F-52A1-4E81-B1AC-179331EE9CCA}"
EndProject
Global
	GlobalSection(SolutionConfigurationPlatforms) = preSolution
		Debug|Any CPU = Debug|Any CPU
		Release|Any CPU = Release|Any CPU
	EndGlobalSection
	GlobalSection(ProjectConfigurationPlatforms) = postSolution
		{37C5570F-52A1-4E81-B1AC-179331EE9CCA}.Debug|Any CPU.ActiveCfg = Debug|Any CPU
		{37C5570F-52A1-4E81-B1AC-179331EE9CCA}.Debug|Any CPU.Build.0 = Debug|Any CPU
		{37C5570F-52A1-4E81-B1AC-179331EE9CCA}.Release|Any CPU.ActiveCfg = Release|Any CPU
		{37C5570F-52A1-4E81-B1AC-179331EE9CCA}.Release|Any CPU.Build.0 = Release|Any CPU
	EndGlobalSection
	GlobalSection(SolutionProperties) = preSolution
		HideSolutionNode = FALSE
	EndGlobalSection
	GlobalSection(ExtensibilityGlobals) = postSolution
		SolutionGuid = {F9314248-CC02-487B-B0A5-9946517FA8E4}
	EndGlobalSection
EndGlobal
